
Microsoft Visual Studio Solution File, Format Version 12.00
# Visual Studio Version 17
VisualStudioVersion = 17.13.35931.197 d17.13
MinimumVisualStudioVersion = 10.0.40219.1
Project("{FAE04EC0-301F-11D3-BF4B-00C04F79EFBC}") = "VeeamTechTask", "VeeamTechTask.csproj", "{5AFDEC49-D727-47FE-AE5E-2F45412FFD1B}"
EndProject
Global
	GlobalSection(SolutionConfigurationPlatforms) = preSolution
		Debug|Any CPU = Debug|Any CPU
		Release|Any CPU = Release|Any CPU
	EndGlobalSection
	GlobalSection(ProjectConfigurationPlatforms) = postSolution
		{5AFDEC49-D727-47FE-AE5E-2F45412FFD1B}.Debug|Any CPU.ActiveCfg = Debug|Any CPU
		{5AFDEC49-D727-47FE-AE5E-2F45412FFD1B}.Debug|Any CPU.Build.0 = Debug|Any CPU
		{5AFDEC49-D727-47FE-AE5E-2F45412FFD1B}.Release|Any CPU.ActiveCfg = Release|Any CPU
		{5AFDEC49-D727-47FE-AE5E-2F45412FFD1B}.Release|Any CPU.Build.0 = Release|Any CPU
	EndGlobalSection
	GlobalSection(SolutionProperties) = preSolution
		HideSolutionNode = FALSE
	EndGlobalSection
	GlobalSection(ExtensibilityGlobals) = postSolution
		SolutionGuid = {D5D47C9C-2481-447A-A2B3-B90314268093}
	EndGlobalSection
EndGlobal
